
Microsoft Visual Studio Solution File, Format Version 12.00
# Visual Studio 15
VisualStudioVersion = 15.0.28010.2041
MinimumVisualStudioVersion = 10.0.40219.1
Project("{FAE04EC0-301F-11D3-BF4B-00C04F79EFBC}") = "checkaccount", "checkaccount\checkaccount.csproj", "{AB376387-2EFB-4061-BAA1-523F13F14C0C}"
EndProject
Global
	GlobalSection(SolutionConfigurationPlatforms) = preSolution
		Debug|Any CPU = Debug|Any CPU
		Release|Any CPU = Release|Any CPU
	EndGlobalSection
	GlobalSection(ProjectConfigurationPlatforms) = postSolution
		{AB376387-2EFB-4061-BAA1-523F13F14C0C}.Debug|Any CPU.ActiveCfg = Debug|Any CPU
		{AB376387-2EFB-4061-BAA1-523F13F14C0C}.Debug|Any CPU.Build.0 = Debug|Any CPU
		{AB376387-2EFB-4061-BAA1-523F13F14C0C}.Release|Any CPU.ActiveCfg = Release|Any CPU
		{AB376387-2EFB-4061-BAA1-523F13F14C0C}.Release|Any CPU.Build.0 = Release|Any CPU
	EndGlobalSection
	GlobalSection(SolutionProperties) = preSolution
		HideSolutionNode = FALSE
	EndGlobalSection
	GlobalSection(ExtensibilityGlobals) = postSolution
		SolutionGuid = {F1410688-400A-463D-9CBF-677AB7C69B9C}
	EndGlobalSection
EndGlobal
